
Microsoft Visual Studio Solution File, Format Version 12.00
# Visual Studio 15
VisualStudioVersion = 15.0.28307.1022
MinimumVisualStudioVersion = 10.0.40219.1
Project("{FAE04EC0-301F-11D3-BF4B-00C04F79EFBC}") = "分页控件", "分页控件\分页控件.csproj", "{69A7E389-8AF2-42B1-9EB7-18F77D338A68}"
EndProject
Global
	GlobalSection(SolutionConfigurationPlatforms) = preSolution
		Debug|Any CPU = Debug|Any CPU
		Release|Any CPU = Release|Any CPU
	EndGlobalSection
	GlobalSection(ProjectConfigurationPlatforms) = postSolution
		{69A7E389-8AF2-42B1-9EB7-18F77D338A68}.Debug|Any CPU.ActiveCfg = Debug|Any CPU
		{69A7E389-8AF2-42B1-9EB7-18F77D338A68}.Debug|Any CPU.Build.0 = Debug|Any CPU
		{69A7E389-8AF2-42B1-9EB7-18F77D338A68}.Release|Any CPU.ActiveCfg = Release|Any CPU
		{69A7E389-8AF2-42B1-9EB7-18F77D338A68}.Release|Any CPU.Build.0 = Release|Any CPU
	EndGlobalSection
	GlobalSection(SolutionProperties) = preSolution
		HideSolutionNode = FALSE
	EndGlobalSection
	GlobalSection(ExtensibilityGlobals) = postSolution
		SolutionGuid = {546312AF-23D3-420D-8000-A2DB54B1039E}
	EndGlobalSection
EndGlobal
